// !$*UTF8*$!
{
	archiveVersion = 1;
	classes = {
	};
	objectVersion = 77;
	objects = {

/* Begin PBXBuildFile section */
		CE8914952F6FFF06006EC77C /* Yams in Frameworks */ = {isa = PBXBuildFile; productRef = CE8913712F6FC400006EC77C /* Yams */; };
		CE8914962F6FFF06006EC77C /* Yams in Frameworks */ = {isa = PBXBuildFile; productRef = CE8913722F6FC400006EC77C /* Yams */; };
		CE8915702F700957006EC77C /* proposal-po-reviewer.yaml in Resources */ = {isa = PBXBuildFile; fileRef = CE8915692F700957006EC77C /* proposal-po-reviewer.yaml */; };
		CE8915712F700957006EC77C /* README.md in Resources */ = {isa = PBXBuildFile; fileRef = CE89156E2F700957006EC77C /* README.md */; };
		CE8915722F700957006EC77C /* proposal-to-release.yaml in Resources */ = {isa = PBXBuildFile; fileRef = CE89156B2F700957006EC77C /* proposal-to-release.yaml */; };
		CE8915732F700957006EC77C /* agents.yaml in Resources */ = {isa = PBXBuildFile; fileRef = CE8915682F700957006EC77C /* agents.yaml */; };
		CE8915742F700957006EC77C /* workflow.yaml in Resources */ = {isa = PBXBuildFile; fileRef = CE89156C2F700957006EC77C /* workflow.yaml */; };
		CE8915752F700957006EC77C /* proposal-loop-live.yaml in Resources */ = {isa = PBXBuildFile; fileRef = CE8915762F700957006EC77C /* proposal-loop-live.yaml */; };
		CE8915772F700957006EC77C /* full-mvp-live.yaml in Resources */ = {isa = PBXBuildFile; fileRef = CE8915782F700957006EC77C /* full-mvp-live.yaml */; };
		CEAPPINT2F95D001006EC77C /* AppIntents.framework in Frameworks */ = {isa = PBXBuildFile; fileRef = CEAPPINT2F95D000006EC77C /* AppIntents.framework */; };
/* End PBXBuildFile section */

/* Begin PBXContainerItemProxy section */
		CE8913492F6FC30A006EC77C /* PBXContainerItemProxy */ = {
			isa = PBXContainerItemProxy;
			containerPortal = CE8913312F6FC308006EC77C /* Project object */;
			proxyType = 1;
			remoteGlobalIDString = CE8913382F6FC308006EC77C;
			remoteInfo = "Chainworks Forge";
		};
		CE8913532F6FC30A006EC77C /* PBXContainerItemProxy */ = {
			isa = PBXContainerItemProxy;
			containerPortal = CE8913312F6FC308006EC77C /* Project object */;
			proxyType = 1;
			remoteGlobalIDString = CE8913382F6FC308006EC77C;
			remoteInfo = "Chainworks Forge";
		};
/* End PBXContainerItemProxy section */

/* Begin PBXCopyFilesBuildPhase section */
		CE5347FF2F94338F00F5D470 /* Embed LaunchDaemon Plist */ = {
			isa = PBXCopyFilesBuildPhase;
			buildActionMask = 2147483647;
			dstPath = Contents/Library/LaunchAgents;
			dstSubfolderSpec = 1;
			files = (
			);
			name = "Embed LaunchDaemon Plist";
			runOnlyForDeploymentPostprocessing = 0;
		};
/* End PBXCopyFilesBuildPhase section */

/* Begin PBXFileReference section */
		CE8913392F6FC308006EC77C /* Chainworks Forge.app */ = {isa = PBXFileReference; explicitFileType = wrapper.application; includeInIndex = 0; path = "Chainworks Forge.app"; sourceTree = BUILT_PRODUCTS_DIR; };
		CE8913482F6FC30A006EC77C /* Chainworks ForgeTests.xctest */ = {isa = PBXFileReference; explicitFileType = wrapper.cfbundle; includeInIndex = 0; path = "Chainworks ForgeTests.xctest"; sourceTree = BUILT_PRODUCTS_DIR; };
		CE8913522F6FC30A006EC77C /* Chainworks ForgeUITests.xctest */ = {isa = PBXFileReference; explicitFileType = wrapper.cfbundle; includeInIndex = 0; path = "Chainworks ForgeUITests.xctest"; sourceTree = BUILT_PRODUCTS_DIR; };
		CE8915682F700957006EC77C /* agents.yaml */ = {isa = PBXFileReference; lastKnownFileType = text.yaml; path = agents.yaml; sourceTree = "<group>"; };
		CE8915692F700957006EC77C /* proposal-po-reviewer.yaml */ = {isa = PBXFileReference; lastKnownFileType = text.yaml; path = "proposal-po-reviewer.yaml"; sourceTree = "<group>"; };
		CE89156B2F700957006EC77C /* proposal-to-release.yaml */ = {isa = PBXFileReference; lastKnownFileType = text.yaml; path = "proposal-to-release.yaml"; sourceTree = "<group>"; };
		CE89156C2F700957006EC77C /* workflow.yaml */ = {isa = PBXFileReference; lastKnownFileType = text.yaml; path = workflow.yaml; sourceTree = "<group>"; };
		CE89156E2F700957006EC77C /* README.md */ = {isa = PBXFileReference; lastKnownFileType = net.daringfireball.markdown; path = README.md; sourceTree = "<group>"; };
		CE8915762F700957006EC77C /* proposal-loop-live.yaml */ = {isa = PBXFileReference; lastKnownFileType = text.yaml; path = "proposal-loop-live.yaml"; sourceTree = "<group>"; };
		CE8915782F700957006EC77C /* full-mvp-live.yaml */ = {isa = PBXFileReference; lastKnownFileType = text.yaml; path = "full-mvp-live.yaml"; sourceTree = "<group>"; };
		CEAPPINT2F95D000006EC77C /* AppIntents.framework */ = {isa = PBXFileReference; lastKnownFileType = wrapper.framework; name = AppIntents.framework; path = System/Library/Frameworks/AppIntents.framework; sourceTree = SDKROOT; };
/* End PBXFileReference section */

/* Begin PBXFileSystemSynchronizedGroupBuildPhaseMembershipExceptionSet section */
		CE5348012F9433E200F5D470 /* Exceptions for "Chainworks Forge" folder in "Embed LaunchDaemon Plist" phase from "Chainworks Forge" target */ = {
			isa = PBXFileSystemSynchronizedGroupBuildPhaseMembershipExceptionSet;
			buildPhase = CE5347FF2F94338F00F5D470 /* Embed LaunchDaemon Plist */;
			membershipExceptions = (
				Resources/LaunchDaemons/com.chainworks.forge.daemon.plist,
			);
		};
/* End PBXFileSystemSynchronizedGroupBuildPhaseMembershipExceptionSet section */

/* Begin PBXFileSystemSynchronizedRootGroup section */
		CE89133B2F6FC308006EC77C /* Chainworks Forge */ = {
			isa = PBXFileSystemSynchronizedRootGroup;
			exceptions = (
				CE5348012F9433E200F5D470 /* Exceptions for "Chainworks Forge" folder in "Embed LaunchDaemon Plist" phase from "Chainworks Forge" target */,
			);
			path = "Chainworks Forge";
			sourceTree = "<group>";
		};
		CE89134B2F6FC30A006EC77C /* Chainworks ForgeTests */ = {
			isa = PBXFileSystemSynchronizedRootGroup;
			path = "Chainworks ForgeTests";
			sourceTree = "<group>";
		};
		CE8913552F6FC30A006EC77C /* Chainworks ForgeUITests */ = {
			isa = PBXFileSystemSynchronizedRootGroup;
			path = "Chainworks ForgeUITests";
			sourceTree = "<group>";
		};
		CED0C5012FCB000000000001 /* docs */ = {
			isa = PBXFileSystemSynchronizedRootGroup;
			path = docs;
			sourceTree = "<group>";
		};
/* End PBXFileSystemSynchronizedRootGroup section */

/* Begin PBXFrameworksBuildPhase section */
		CE8913362F6FC308006EC77C /* Frameworks */ = {
			isa = PBXFrameworksBuildPhase;
			buildActionMask = 2147483647;
			files = (
				CEAPPINT2F95D001006EC77C /* AppIntents.framework in Frameworks */,
				CE8914952F6FFF06006EC77C /* Yams in Frameworks */,
			);
			runOnlyForDeploymentPostprocessing = 0;
		};
		CE8913452F6FC30A006EC77C /* Frameworks */ = {
			isa = PBXFrameworksBuildPhase;
			buildActionMask = 2147483647;
			files = (
				CE8914962F6FFF06006EC77C /* Yams in Frameworks */,
			);
			runOnlyForDeploymentPostprocessing = 0;
		};
		CE89134F2F6FC30A006EC77C /* Frameworks */ = {
			isa = PBXFrameworksBuildPhase;
			buildActionMask = 2147483647;
			files = (
			);
			runOnlyForDeploymentPostprocessing = 0;
		};
/* End PBXFrameworksBuildPhase section */

/* Begin PBXGroup section */
		CE8913302F6FC308006EC77C = {
			isa = PBXGroup;
			children = (
				CE89156F2F700957006EC77C /* examples */,
				CED0C5012FCB000000000001 /* docs */,
				CE89133B2F6FC308006EC77C /* Chainworks Forge */,
				CE89134B2F6FC30A006EC77C /* Chainworks ForgeTests */,
				CE8913552F6FC30A006EC77C /* Chainworks ForgeUITests */,
				CE89133A2F6FC308006EC77C /* Products */,
				CEC654AB2FA5119F00AF329A /* Recovered References */,
			);
			sourceTree = "<group>";
		};
		CE89133A2F6FC308006EC77C /* Products */ = {
			isa = PBXGroup;
			children = (
				CE8913392F6FC308006EC77C /* Chainworks Forge.app */,
				CE8913482F6FC30A006EC77C /* Chainworks ForgeTests.xctest */,
				CE8913522F6FC30A006EC77C /* Chainworks ForgeUITests.xctest */,
			);
			name = Products;
			sourceTree = "<group>";
		};
		CE89156A2F700957006EC77C /* agents */ = {
			isa = PBXGroup;
			children = (
				CE8915682F700957006EC77C /* agents.yaml */,
				CE8915692F700957006EC77C /* proposal-po-reviewer.yaml */,
			);
			path = agents;
			sourceTree = "<group>";
		};
		CE89156D2F700957006EC77C /* workflows */ = {
			isa = PBXGroup;
			children = (
				CE8915782F700957006EC77C /* full-mvp-live.yaml */,
				CE89156B2F700957006EC77C /* proposal-to-release.yaml */,
				CE8915762F700957006EC77C /* proposal-loop-live.yaml */,
				CE89156C2F700957006EC77C /* workflow.yaml */,
			);
			path = workflows;
			sourceTree = "<group>";
		};
		CE89156F2F700957006EC77C /* examples */ = {
			isa = PBXGroup;
			children = (
				CE89156A2F700957006EC77C /* agents */,
				CE89156D2F700957006EC77C /* workflows */,
				CE89156E2F700957006EC77C /* README.md */,
			);
			path = examples;
			sourceTree = "<group>";
		};
		CEC654AB2FA5119F00AF329A /* Recovered References */ = {
			isa = PBXGroup;
			children = (
				CEAPPINT2F95D000006EC77C /* AppIntents.framework */,
			);
			name = "Recovered References";
			sourceTree = "<group>";
		};
/* End PBXGroup section */

/* Begin PBXNativeTarget section */
		CE8913382F6FC308006EC77C /* Chainworks Forge */ = {
			isa = PBXNativeTarget;
			buildConfigurationList = CE89135C2F6FC30A006EC77C /* Build configuration list for PBXNativeTarget "Chainworks Forge" */;
			buildPhases = (
				CE8913352F6FC308006EC77C /* Sources */,
				CE5347FE2F94332200F5D470 /* Embed Control-Plane Daemon */,
				CE5347FF2F94338F00F5D470 /* Embed LaunchDaemon Plist */,
				CE8913362F6FC308006EC77C /* Frameworks */,
				CE8913372F6FC308006EC77C /* Resources */,
			);
			buildRules = (
			);
			dependencies = (
			);
			fileSystemSynchronizedGroups = (
				CE89133B2F6FC308006EC77C /* Chainworks Forge */,
			);
			name = "Chainworks Forge";
			packageProductDependencies = (
				CE8913712F6FC400006EC77C /* Yams */,
			);
			productName = "Chainworks Forge";
			productReference = CE8913392F6FC308006EC77C /* Chainworks Forge.app */;
			productType = "com.apple.product-type.application";
		};
		CE8913472F6FC30A006EC77C /* Chainworks ForgeTests */ = {
			isa = PBXNativeTarget;
			buildConfigurationList = CE89135F2F6FC30A006EC77C /* Build configuration list for PBXNativeTarget "Chainworks ForgeTests" */;
			buildPhases = (
				CE8913442F6FC30A006EC77C /* Sources */,
				CE8913452F6FC30A006EC77C /* Frameworks */,
				CE8913462F6FC30A006EC77C /* Resources */,
			);
			buildRules = (
			);
			dependencies = (
				CE89134A2F6FC30A006EC77C /* PBXTargetDependency */,
			);
			fileSystemSynchronizedGroups = (
				CE89134B2F6FC30A006EC77C /* Chainworks ForgeTests */,
			);
			name = "Chainworks ForgeTests";
			packageProductDependencies = (
				CE8913722F6FC400006EC77C /* Yams */,
			);
			productName = "Chainworks ForgeTests";
			productReference = CE8913482F6FC30A006EC77C /* Chainworks ForgeTests.xctest */;
			productType = "com.apple.product-type.bundle.unit-test";
		};
		CE8913512F6FC30A006EC77C /* Chainworks ForgeUITests */ = {
			isa = PBXNativeTarget;
			buildConfigurationList = CE8913622F6FC30A006EC77C /* Build configuration list for PBXNativeTarget "Chainworks ForgeUITests" */;
			buildPhases = (
				CE89134E2F6FC30A006EC77C /* Sources */,
				CE89134F2F6FC30A006EC77C /* Frameworks */,
				CE8913502F6FC30A006EC77C /* Resources */,
			);
			buildRules = (
			);
			dependencies = (
				CE8913542F6FC30A006EC77C /* PBXTargetDependency */,
			);
			fileSystemSynchronizedGroups = (
				CE8913552F6FC30A006EC77C /* Chainworks ForgeUITests */,
			);
			name = "Chainworks ForgeUITests";
			packageProductDependencies = (
			);
			productName = "Chainworks ForgeUITests";
			productReference = CE8913522F6FC30A006EC77C /* Chainworks ForgeUITests.xctest */;
			productType = "com.apple.product-type.bundle.ui-testing";
		};
/* End PBXNativeTarget section */

/* Begin PBXProject section */
		CE8913312F6FC308006EC77C /* Project object */ = {
			isa = PBXProject;
			attributes = {
				BuildIndependentTargetsInParallel = 1;
				LastSwiftUpdateCheck = 2630;
				LastUpgradeCheck = 2640;
				TargetAttributes = {
					CE8913382F6FC308006EC77C = {
						CreatedOnToolsVersion = 26.3;
					};
					CE8913472F6FC30A006EC77C = {
						CreatedOnToolsVersion = 26.3;
						TestTargetID = CE8913382F6FC308006EC77C;
					};
					CE8913512F6FC30A006EC77C = {
						CreatedOnToolsVersion = 26.3;
						TestTargetID = CE8913382F6FC308006EC77C;
					};
				};
			};
			buildConfigurationList = CE8913342F6FC308006EC77C /* Build configuration list for PBXProject "Chainworks Forge" */;
			developmentRegion = en;
			hasScannedForEncodings = 0;
			knownRegions = (
				en,
				Base,
			);
			mainGroup = CE8913302F6FC308006EC77C;
			minimizedProjectReferenceProxies = 1;
			packageReferences = (
				CE8913702F6FC400006EC77C /* XCRemoteSwiftPackageReference "Yams" */,
			);
			preferredProjectObjectVersion = 77;
			productRefGroup = CE89133A2F6FC308006EC77C /* Products */;
			projectDirPath = "";
			projectRoot = "";
			targets = (
				CE8913382F6FC308006EC77C /* Chainworks Forge */,
				CE8913472F6FC30A006EC77C /* Chainworks ForgeTests */,
				CE8913512F6FC30A006EC77C /* Chainworks ForgeUITests */,
			);
		};
/* End PBXProject section */

/* Begin PBXResourcesBuildPhase section */
		CE8913372F6FC308006EC77C /* Resources */ = {
			isa = PBXResourcesBuildPhase;
			buildActionMask = 2147483647;
			files = (
				CE8915702F700957006EC77C /* proposal-po-reviewer.yaml in Resources */,
				CE8915712F700957006EC77C /* README.md in Resources */,
				CE8915722F700957006EC77C /* proposal-to-release.yaml in Resources */,
				CE8915752F700957006EC77C /* proposal-loop-live.yaml in Resources */,
				CE8915732F700957006EC77C /* agents.yaml in Resources */,
				CE8915742F700957006EC77C /* workflow.yaml in Resources */,
				CE8915772F700957006EC77C /* full-mvp-live.yaml in Resources */,
			);
			runOnlyForDeploymentPostprocessing = 0;
		};
		CE8913462F6FC30A006EC77C /* Resources */ = {
			isa = PBXResourcesBuildPhase;
			buildActionMask = 2147483647;
			files = (
			);
			runOnlyForDeploymentPostprocessing = 0;
		};
		CE8913502F6FC30A006EC77C /* Resources */ = {
			isa = PBXResourcesBuildPhase;
			buildActionMask = 2147483647;
			files = (
			);
			runOnlyForDeploymentPostprocessing = 0;
		};
/* End PBXResourcesBuildPhase section */

/* Begin PBXShellScriptBuildPhase section */
		CE5347FE2F94332200F5D470 /* Embed Control-Plane Daemon */ = {
			isa = PBXShellScriptBuildPhase;
			alwaysOutOfDate = 1;
			buildActionMask = 2147483647;
			files = (
			);
			inputFileListPaths = (
			);
			inputPaths = (
			);
			name = "Embed Control-Plane Daemon";
			outputFileListPaths = (
			);
			outputPaths = (
			);
			runOnlyForDeploymentPostprocessing = 0;
			shellPath = /bin/sh;
			shellScript = "\"${SRCROOT}/scripts/embed-control-plane-daemon.sh\"\n";
		};
/* End PBXShellScriptBuildPhase section */

/* Begin PBXSourcesBuildPhase section */
		CE8913352F6FC308006EC77C /* Sources */ = {
			isa = PBXSourcesBuildPhase;
			buildActionMask = 2147483647;
			files = (
			);
			runOnlyForDeploymentPostprocessing = 0;
		};
		CE8913442F6FC30A006EC77C /* Sources */ = {
			isa = PBXSourcesBuildPhase;
			buildActionMask = 2147483647;
			files = (
			);
			runOnlyForDeploymentPostprocessing = 0;
		};
		CE89134E2F6FC30A006EC77C /* Sources */ = {
			isa = PBXSourcesBuildPhase;
			buildActionMask = 2147483647;
			files = (
			);
			runOnlyForDeploymentPostprocessing = 0;
		};
/* End PBXSourcesBuildPhase section */

/* Begin PBXTargetDependency section */
		CE89134A2F6FC30A006EC77C /* PBXTargetDependency */ = {
			isa = PBXTargetDependency;
			target = CE8913382F6FC308006EC77C /* Chainworks Forge */;
			targetProxy = CE8913492F6FC30A006EC77C /* PBXContainerItemProxy */;
		};
		CE8913542F6FC30A006EC77C /* PBXTargetDependency */ = {
			isa = PBXTargetDependency;
			target = CE8913382F6FC308006EC77C /* Chainworks Forge */;
			targetProxy = CE8913532F6FC30A006EC77C /* PBXContainerItemProxy */;
		};
/* End PBXTargetDependency section */

/* Begin XCBuildConfiguration section */
		CE89135A2F6FC30A006EC77C /* Debug */ = {
			isa = XCBuildConfiguration;
			buildSettings = {
				ALWAYS_SEARCH_USER_PATHS = NO;
				ASSETCATALOG_COMPILER_GENERATE_SWIFT_ASSET_SYMBOL_EXTENSIONS = YES;
				CLANG_ANALYZER_NONNULL = YES;
				CLANG_ANALYZER_NUMBER_OBJECT_CONVERSION = YES_AGGRESSIVE;
				CLANG_CXX_LANGUAGE_STANDARD = "gnu++20";
				CLANG_ENABLE_MODULES = YES;
				CLANG_ENABLE_OBJC_ARC = YES;
				CLANG_ENABLE_OBJC_WEAK = YES;
				CLANG_WARN_BLOCK_CAPTURE_AUTORELEASING = YES;
				CLANG_WARN_BOOL_CONVERSION = YES;
				CLANG_WARN_COMMA = YES;
				CLANG_WARN_CONSTANT_CONVERSION = YES;
				CLANG_WARN_DEPRECATED_OBJC_IMPLEMENTATIONS = YES;
				CLANG_WARN_DIRECT_OBJC_ISA_USAGE = YES_ERROR;
				CLANG_WARN_DOCUMENTATION_COMMENTS = YES;
				CLANG_WARN_EMPTY_BODY = YES;
				CLANG_WARN_ENUM_CONVERSION = YES;
				CLANG_WARN_INFINITE_RECURSION = YES;
				CLANG_WARN_INT_CONVERSION = YES;
				CLANG_WARN_NON_LITERAL_NULL_CONVERSION = YES;
				CLANG_WARN_OBJC_IMPLICIT_RETAIN_SELF = YES;
				CLANG_WARN_OBJC_LITERAL_CONVERSION = YES;
				CLANG_WARN_OBJC_ROOT_CLASS = YES_ERROR;
				CLANG_WARN_QUOTED_INCLUDE_IN_FRAMEWORK_HEADER = YES;
				CLANG_WARN_RANGE_LOOP_ANALYSIS = YES;
				CLANG_WARN_STRICT_PROTOTYPES = YES;
				CLANG_WARN_SUSPICIOUS_MOVE = YES;
				CLANG_WARN_UNGUARDED_AVAILABILITY = YES_AGGRESSIVE;
				CLANG_WARN_UNREACHABLE_CODE = YES;
				CLANG_WARN__DUPLICATE_METHOD_MATCH = YES;
				COPY_PHASE_STRIP = NO;
				DEAD_CODE_STRIPPING = YES;
				DEBUG_INFORMATION_FORMAT = dwarf;
				DEVELOPMENT_TEAM = R859U8DTY9;
				ENABLE_STRICT_OBJC_MSGSEND = YES;
				ENABLE_TESTABILITY = YES;
				ENABLE_USER_SCRIPT_SANDBOXING = NO;
				GCC_C_LANGUAGE_STANDARD = gnu17;
				GCC_DYNAMIC_NO_PIC = NO;
				GCC_NO_COMMON_BLOCKS = YES;
				GCC_OPTIMIZATION_LEVEL = 0;
				GCC_PREPROCESSOR_DEFINITIONS = (
					"DEBUG=1",
					"$(inherited)",
				);
				GCC_WARN_64_TO_32_BIT_CONVERSION = YES;
				GCC_WARN_ABOUT_RETURN_TYPE = YES_ERROR;
				GCC_WARN_UNDECLARED_SELECTOR = YES;
				GCC_WARN_UNINITIALIZED_AUTOS = YES_AGGRESSIVE;
				GCC_WARN_UNUSED_FUNCTION = YES;
				GCC_WARN_UNUSED_VARIABLE = YES;
				LOCALIZATION_PREFERS_STRING_CATALOGS = YES;
				MACOSX_DEPLOYMENT_TARGET = 26.2;
				MTL_ENABLE_DEBUG_INFO = INCLUDE_SOURCE;
				MTL_FAST_MATH = YES;
				ONLY_ACTIVE_ARCH = YES;
				SDKROOT = macosx;
				STRING_CATALOG_GENERATE_SYMBOLS = YES;
				SWIFT_ACTIVE_COMPILATION_CONDITIONS = "DEBUG $(inherited)";
				SWIFT_OPTIMIZATION_LEVEL = "-Onone";
			};
			name = Debug;
		};
		CE89135B2F6FC30A006EC77C /* Release */ = {
			isa = XCBuildConfiguration;
			buildSettings = {
				ALWAYS_SEARCH_USER_PATHS = NO;
				ASSETCATALOG_COMPILER_GENERATE_SWIFT_ASSET_SYMBOL_EXTENSIONS = YES;
				CLANG_ANALYZER_NONNULL = YES;
				CLANG_ANALYZER_NUMBER_OBJECT_CONVERSION = YES_AGGRESSIVE;
				CLANG_CXX_LANGUAGE_STANDARD = "gnu++20";
				CLANG_ENABLE_MODULES = YES;
				CLANG_ENABLE_OBJC_ARC = YES;
				CLANG_ENABLE_OBJC_WEAK = YES;
				CLANG_WARN_BLOCK_CAPTURE_AUTORELEASING = YES;
				CLANG_WARN_BOOL_CONVERSION = YES;
				CLANG_WARN_COMMA = YES;
				CLANG_WARN_CONSTANT_CONVERSION = YES;
				CLANG_WARN_DEPRECATED_OBJC_IMPLEMENTATIONS = YES;
				CLANG_WARN_DIRECT_OBJC_ISA_USAGE = YES_ERROR;
				CLANG_WARN_DOCUMENTATION_COMMENTS = YES;
				CLANG_WARN_EMPTY_BODY = YES;
				CLANG_WARN_ENUM_CONVERSION = YES;
				CLANG_WARN_INFINITE_RECURSION = YES;
				CLANG_WARN_INT_CONVERSION = YES;
				CLANG_WARN_NON_LITERAL_NULL_CONVERSION = YES;
				CLANG_WARN_OBJC_IMPLICIT_RETAIN_SELF = YES;
				CLANG_WARN_OBJC_LITERAL_CONVERSION = YES;
				CLANG_WARN_OBJC_ROOT_CLASS = YES_ERROR;
				CLANG_WARN_QUOTED_INCLUDE_IN_FRAMEWORK_HEADER = YES;
				CLANG_WARN_RANGE_LOOP_ANALYSIS = YES;
				CLANG_WARN_STRICT_PROTOTYPES = YES;
				CLANG_WARN_SUSPICIOUS_MOVE = YES;
				CLANG_WARN_UNGUARDED_AVAILABILITY = YES_AGGRESSIVE;
				CLANG_WARN_UNREACHABLE_CODE = YES;
				CLANG_WARN__DUPLICATE_METHOD_MATCH = YES;
				COPY_PHASE_STRIP = NO;
				DEAD_CODE_STRIPPING = YES;
				DEBUG_INFORMATION_FORMAT = "dwarf-with-dsym";
				DEVELOPMENT_TEAM = R859U8DTY9;
				ENABLE_NS_ASSERTIONS = NO;
				ENABLE_STRICT_OBJC_MSGSEND = YES;
				ENABLE_USER_SCRIPT_SANDBOXING = NO;
				GCC_C_LANGUAGE_STANDARD = gnu17;
				GCC_NO_COMMON_BLOCKS = YES;
				GCC_WARN_64_TO_32_BIT_CONVERSION = YES;
				GCC_WARN_ABOUT_RETURN_TYPE = YES_ERROR;
				GCC_WARN_UNDECLARED_SELECTOR = YES;
				GCC_WARN_UNINITIALIZED_AUTOS = YES_AGGRESSIVE;
				GCC_WARN_UNUSED_FUNCTION = YES;
				GCC_WARN_UNUSED_VARIABLE = YES;
				LOCALIZATION_PREFERS_STRING_CATALOGS = YES;
				MACOSX_DEPLOYMENT_TARGET = 26.2;
				MTL_ENABLE_DEBUG_INFO = NO;
				MTL_FAST_MATH = YES;
				SDKROOT = macosx;
				STRING_CATALOG_GENERATE_SYMBOLS = YES;
				SWIFT_COMPILATION_MODE = wholemodule;
			};
			name = Release;
		};
		CE89135D2F6FC30A006EC77C /* Debug */ = {
			isa = XCBuildConfiguration;
			buildSettings = {
				ASSETCATALOG_COMPILER_APPICON_NAME = AppIcon;
				ASSETCATALOG_COMPILER_GLOBAL_ACCENT_COLOR_NAME = AccentColor;
				ASSETCATALOG_COMPILER_INCLUDE_ALL_APPICON_ASSETS = YES;
				CODE_SIGN_STYLE = Automatic;
				COMBINE_HIDPI_IMAGES = YES;
				CURRENT_PROJECT_VERSION = 1;
				DEAD_CODE_STRIPPING = YES;
				DEVELOPMENT_TEAM = R859U8DTY9;
				ENABLE_APP_SANDBOX = NO;
				ENABLE_HARDENED_RUNTIME = NO;
				ENABLE_PREVIEWS = YES;
				ENABLE_USER_SCRIPT_SANDBOXING = NO;
				GENERATE_INFOPLIST_FILE = YES;
				INFOPLIST_KEY_CFBundleDisplayName = "Chainworks Forge";
				INFOPLIST_KEY_LSApplicationCategoryType = "public.app-category.developer-tools";
				INFOPLIST_KEY_NSHumanReadableCopyright = "";
				LD_RUNPATH_SEARCH_PATHS = (
					"$(inherited)",
					"@executable_path/../Frameworks",
				);
				MACOSX_DEPLOYMENT_TARGET = 27.0;
				MARKETING_VERSION = 1.0;
				PRODUCT_BUNDLE_IDENTIFIER = "xax.Chainworks-Forge";
				PRODUCT_NAME = "$(TARGET_NAME)";
				REGISTER_APP_GROUPS = YES;
				STRING_CATALOG_GENERATE_SYMBOLS = YES;
				SWIFT_APPROACHABLE_CONCURRENCY = YES;
				SWIFT_DEFAULT_ACTOR_ISOLATION = MainActor;
				SWIFT_EMIT_LOC_STRINGS = YES;
				SWIFT_UPCOMING_FEATURE_MEMBER_IMPORT_VISIBILITY = YES;
				SWIFT_VERSION = 6.0;
			};
			name = Debug;
		};
		CE89135E2F6FC30A006EC77C /* Release */ = {
			isa = XCBuildConfiguration;
			buildSettings = {
				ASSETCATALOG_COMPILER_APPICON_NAME = AppIcon;
				ASSETCATALOG_COMPILER_GLOBAL_ACCENT_COLOR_NAME = AccentColor;
				ASSETCATALOG_COMPILER_INCLUDE_ALL_APPICON_ASSETS = YES;
				CODE_SIGN_STYLE = Automatic;
				COMBINE_HIDPI_IMAGES = YES;
				CURRENT_PROJECT_VERSION = 1;
				DEAD_CODE_STRIPPING = YES;
				DEVELOPMENT_TEAM = R859U8DTY9;
				ENABLE_APP_SANDBOX = NO;
				ENABLE_HARDENED_RUNTIME = NO;
				ENABLE_PREVIEWS = YES;
				ENABLE_USER_SCRIPT_SANDBOXING = NO;
				GENERATE_INFOPLIST_FILE = YES;
				INFOPLIST_KEY_CFBundleDisplayName = "Chainworks Forge";
				INFOPLIST_KEY_LSApplicationCategoryType = "public.app-category.developer-tools";
				INFOPLIST_KEY_NSHumanReadableCopyright = "";
				LD_RUNPATH_SEARCH_PATHS = (
					"$(inherited)",
					"@executable_path/../Frameworks",
				);
				MACOSX_DEPLOYMENT_TARGET = 27.0;
				MARKETING_VERSION = 1.0;
				PRODUCT_BUNDLE_IDENTIFIER = "xax.Chainworks-Forge";
				PRODUCT_NAME = "$(TARGET_NAME)";
				REGISTER_APP_GROUPS = YES;
				STRING_CATALOG_GENERATE_SYMBOLS = YES;
				SWIFT_APPROACHABLE_CONCURRENCY = YES;
				SWIFT_DEFAULT_ACTOR_ISOLATION = MainActor;
				SWIFT_EMIT_LOC_STRINGS = YES;
				SWIFT_UPCOMING_FEATURE_MEMBER_IMPORT_VISIBILITY = YES;
				SWIFT_VERSION = 6.0;
			};
			name = Release;
		};
		CE8913602F6FC30A006EC77C /* Debug */ = {
			isa = XCBuildConfiguration;
			buildSettings = {
				BUNDLE_LOADER = "$(TEST_HOST)";
				CODE_SIGN_STYLE = Automatic;
				CURRENT_PROJECT_VERSION = 1;
				DEAD_CODE_STRIPPING = YES;
				DEVELOPMENT_TEAM = R859U8DTY9;
				GENERATE_INFOPLIST_FILE = YES;
				MACOSX_DEPLOYMENT_TARGET = 27.0;
				MARKETING_VERSION = 1.0;
				PRODUCT_BUNDLE_IDENTIFIER = "xax.Chainworks-ForgeTests";
				PRODUCT_NAME = "$(TARGET_NAME)";
				STRING_CATALOG_GENERATE_SYMBOLS = NO;
				SWIFT_APPROACHABLE_CONCURRENCY = YES;
				SWIFT_EMIT_LOC_STRINGS = NO;
				SWIFT_UPCOMING_FEATURE_MEMBER_IMPORT_VISIBILITY = YES;
				SWIFT_VERSION = 5.0;
				TEST_HOST = "$(BUILT_PRODUCTS_DIR)/Chainworks Forge.app/$(BUNDLE_EXECUTABLE_FOLDER_PATH)/Chainworks Forge";
			};
			name = Debug;
		};
		CE8913612F6FC30A006EC77C /* Release */ = {
			isa = XCBuildConfiguration;
			buildSettings = {
				BUNDLE_LOADER = "$(TEST_HOST)";
				CODE_SIGN_STYLE = Automatic;
				CURRENT_PROJECT_VERSION = 1;
				DEAD_CODE_STRIPPING = YES;
				DEVELOPMENT_TEAM = R859U8DTY9;
				GENERATE_INFOPLIST_FILE = YES;
				MACOSX_DEPLOYMENT_TARGET = 27.0;
				MARKETING_VERSION = 1.0;
				PRODUCT_BUNDLE_IDENTIFIER = "xax.Chainworks-ForgeTests";
				PRODUCT_NAME = "$(TARGET_NAME)";
				STRING_CATALOG_GENERATE_SYMBOLS = NO;
				SWIFT_APPROACHABLE_CONCURRENCY = YES;
				SWIFT_EMIT_LOC_STRINGS = NO;
				SWIFT_UPCOMING_FEATURE_MEMBER_IMPORT_VISIBILITY = YES;
				SWIFT_VERSION = 5.0;
				TEST_HOST = "$(BUILT_PRODUCTS_DIR)/Chainworks Forge.app/$(BUNDLE_EXECUTABLE_FOLDER_PATH)/Chainworks Forge";
			};
			name = Release;
		};
		CE8913632F6FC30A006EC77C /* Debug */ = {
			isa = XCBuildConfiguration;
			buildSettings = {
				CODE_SIGN_STYLE = Automatic;
				CURRENT_PROJECT_VERSION = 1;
				DEAD_CODE_STRIPPING = YES;
				DEVELOPMENT_TEAM = R859U8DTY9;
				GENERATE_INFOPLIST_FILE = YES;
				MACOSX_DEPLOYMENT_TARGET = 27.0;
				MARKETING_VERSION = 1.0;
				PRODUCT_BUNDLE_IDENTIFIER = "xax.Chainworks-ForgeUITests";
				PRODUCT_NAME = "$(TARGET_NAME)";
				STRING_CATALOG_GENERATE_SYMBOLS = NO;
				SWIFT_APPROACHABLE_CONCURRENCY = YES;
				SWIFT_EMIT_LOC_STRINGS = NO;
				SWIFT_UPCOMING_FEATURE_MEMBER_IMPORT_VISIBILITY = YES;
				SWIFT_VERSION = 5.0;
				TEST_TARGET_NAME = "Chainworks Forge";
			};
			name = Debug;
		};
		CE8913642F6FC30A006EC77C /* Release */ = {
			isa = XCBuildConfiguration;
			buildSettings = {
				CODE_SIGN_STYLE = Automatic;
				CURRENT_PROJECT_VERSION = 1;
				DEAD_CODE_STRIPPING = YES;
				DEVELOPMENT_TEAM = R859U8DTY9;
				GENERATE_INFOPLIST_FILE = YES;
				MACOSX_DEPLOYMENT_TARGET = 27.0;
				MARKETING_VERSION = 1.0;
				PRODUCT_BUNDLE_IDENTIFIER = "xax.Chainworks-ForgeUITests";
				PRODUCT_NAME = "$(TARGET_NAME)";
				STRING_CATALOG_GENERATE_SYMBOLS = NO;
				SWIFT_APPROACHABLE_CONCURRENCY = YES;
				SWIFT_EMIT_LOC_STRINGS = NO;
				SWIFT_UPCOMING_FEATURE_MEMBER_IMPORT_VISIBILITY = YES;
				SWIFT_VERSION = 5.0;
				TEST_TARGET_NAME = "Chainworks Forge";
			};
			name = Release;
		};
/* End XCBuildConfiguration section */

/* Begin XCConfigurationList section */
		CE8913342F6FC308006EC77C /* Build configuration list for PBXProject "Chainworks Forge" */ = {
			isa = XCConfigurationList;
			buildConfigurations = (
				CE89135A2F6FC30A006EC77C /* Debug */,
				CE89135B2F6FC30A006EC77C /* Release */,
			);
			defaultConfigurationIsVisible = 0;
			defaultConfigurationName = Release;
		};
		CE89135C2F6FC30A006EC77C /* Build configuration list for PBXNativeTarget "Chainworks Forge" */ = {
			isa = XCConfigurationList;
			buildConfigurations = (
				CE89135D2F6FC30A006EC77C /* Debug */,
				CE89135E2F6FC30A006EC77C /* Release */,
			);
			defaultConfigurationIsVisible = 0;
			defaultConfigurationName = Release;
		};
		CE89135F2F6FC30A006EC77C /* Build configuration list for PBXNativeTarget "Chainworks ForgeTests" */ = {
			isa = XCConfigurationList;
			buildConfigurations = (
				CE8913602F6FC30A006EC77C /* Debug */,
				CE8913612F6FC30A006EC77C /* Release */,
			);
			defaultConfigurationIsVisible = 0;
			defaultConfigurationName = Release;
		};
		CE8913622F6FC30A006EC77C /* Build configuration list for PBXNativeTarget "Chainworks ForgeUITests" */ = {
			isa = XCConfigurationList;
			buildConfigurations = (
				CE8913632F6FC30A006EC77C /* Debug */,
				CE8913642F6FC30A006EC77C /* Release */,
			);
			defaultConfigurationIsVisible = 0;
			defaultConfigurationName = Release;
		};
/* End XCConfigurationList section */

/* Begin XCRemoteSwiftPackageReference section */
		CE8913702F6FC400006EC77C /* XCRemoteSwiftPackageReference "Yams" */ = {
			isa = XCRemoteSwiftPackageReference;
			repositoryURL = "https://github.com/jpsim/Yams.git";
			requirement = {
				kind = upToNextMajorVersion;
				minimumVersion = 6.0.0;
			};
		};
/* End XCRemoteSwiftPackageReference section */

/* Begin XCSwiftPackageProductDependency section */
		CE8913712F6FC400006EC77C /* Yams */ = {
			isa = XCSwiftPackageProductDependency;
			package = CE8913702F6FC400006EC77C /* XCRemoteSwiftPackageReference "Yams" */;
			productName = Yams;
		};
		CE8913722F6FC400006EC77C /* Yams */ = {
			isa = XCSwiftPackageProductDependency;
			package = CE8913702F6FC400006EC77C /* XCRemoteSwiftPackageReference "Yams" */;
			productName = Yams;
		};
/* End XCSwiftPackageProductDependency section */
	};
	rootObject = CE8913312F6FC308006EC77C /* Project object */;
}
